
Microsoft Visual Studio Solution File, Format Version 12.00
# Visual Studio Version 17
VisualStudioVersion = 17.1.32210.238
MinimumVisualStudioVersion = 10.0.40219.1
Project("{FAE04EC0-301F-11D3-BF4B-00C04F79EFBC}") = "ToDoApi", "ToDoApi\ToDoApi.csproj", "{4E116D77-E731-4DE6-8937-DF8EC5FB46FD}"
EndProject
Global
	GlobalSection(SolutionConfigurationPlatforms) = preSolution
		Debug|Any CPU = Debug|Any CPU
		Release|Any CPU = Release|Any CPU
	EndGlobalSection
	GlobalSection(ProjectConfigurationPlatforms) = postSolution
		{4E116D77-E731-4DE6-8937-DF8EC5FB46FD}.Debug|Any CPU.ActiveCfg = Debug|Any CPU
		{4E116D77-E731-4DE6-8937-DF8EC5FB46FD}.Debug|Any CPU.Build.0 = Debug|Any CPU
		{4E116D77-E731-4DE6-8937-DF8EC5FB46FD}.Release|Any CPU.ActiveCfg = Release|Any CPU
		{4E116D77-E731-4DE6-8937-DF8EC5FB46FD}.Release|Any CPU.Build.0 = Release|Any CPU
	EndGlobalSection
	GlobalSection(SolutionProperties) = preSolution
		HideSolutionNode = FALSE
	EndGlobalSection
	GlobalSection(ExtensibilityGlobals) = postSolution
		SolutionGuid = {8716D786-5F09-42CA-A3A9-6D99BA808A24}
	EndGlobalSection
EndGlobal
